// !$*UTF8*$!
{
	archiveVersion = 1;
	classes = {
	};
	objectVersion = 55;
	objects = {

/* Begin PBXBuildFile section */
		847593C427A03F0100DBC4A8 /* product.gif in Resources */ = {isa = PBXBuildFile; fileRef = 847593C327A03F0100DBC4A8 /* product.gif */; };
		84CCDEF627A037D100F388F2 /* AppDelegate.swift in Sources */ = {isa = PBXBuildFile; fileRef = 84CCDEF527A037D100F388F2 /* AppDelegate.swift */; };
		84CCDEFA27A037D100F388F2 /* ProductListViewController.swift in Sources */ = {isa = PBXBuildFile; fileRef = 84CCDEF927A037D100F388F2 /* ProductListViewController.swift */; };
		84CCDEFD27A037D100F388F2 /* Main.storyboard in Resources */ = {isa = PBXBuildFile; fileRef = 84CCDEFB27A037D100F388F2 /* Main.storyboard */; };
		84CCDEFF27A037D300F388F2 /* Assets.xcassets in Resources */ = {isa = PBXBuildFile; fileRef = 84CCDEFE27A037D300F388F2 /* Assets.xcassets */; };
		84CCDF0227A037D300F388F2 /* LaunchScreen.storyboard in Resources */ = {isa = PBXBuildFile; fileRef = 84CCDF0027A037D300F388F2 /* LaunchScreen.storyboard */; };
		84CCDF0B27A0384A00F388F2 /* ProductListPresenter.swift in Sources */ = {isa = PBXBuildFile; fileRef = 84CCDF0A27A0384A00F388F2 /* ProductListPresenter.swift */; };
		84CCDF0D27A0385E00F388F2 /* ProductListInteractor.swift in Sources */ = {isa = PBXBuildFile; fileRef = 84CCDF0C27A0385E00F388F2 /* ProductListInteractor.swift */; };
		84CCDF0F27A0386800F388F2 /* ProductListRouter.swift in Sources */ = {isa = PBXBuildFile; fileRef = 84CCDF0E27A0386800F388F2 /* ProductListRouter.swift */; };
		84CCDF1127A0387100F388F2 /* ProductListEntity.swift in Sources */ = {isa = PBXBuildFile; fileRef = 84CCDF1027A0387100F388F2 /* ProductListEntity.swift */; };
		84CCDF1827A03A8300F388F2 /* ProductListTableViewCell.swift in Sources */ = {isa = PBXBuildFile; fileRef = 84CCDF1727A03A8300F388F2 /* ProductListTableViewCell.swift */; };
		84CCDF1B27A03B2E00F388F2 /* Kingfisher in Frameworks */ = {isa = PBXBuildFile; productRef = 84CCDF1A27A03B2E00F388F2 /* Kingfisher */; };
		84CCDF1D27A03B4800F388F2 /* UIImageView+Extension.swift in Sources */ = {isa = PBXBuildFile; fileRef = 84CCDF1C27A03B4800F388F2 /* UIImageView+Extension.swift */; };
		84CCDF2027A03BB400F388F2 /* ProductType.swift in Sources */ = {isa = PBXBuildFile; fileRef = 84CCDF1F27A03BB400F388F2 /* ProductType.swift */; };
		84CCDF2227A03CA800F388F2 /* Api.swift in Sources */ = {isa = PBXBuildFile; fileRef = 84CCDF2127A03CA800F388F2 /* Api.swift */; };
		84CCDF2427A03CB200F388F2 /* ProductApi.swift in Sources */ = {isa = PBXBuildFile; fileRef = 84CCDF2327A03CB200F388F2 /* ProductApi.swift */; };
		84CCDF2627A03D4600F388F2 /* ProductListViewExtension.swift in Sources */ = {isa = PBXBuildFile; fileRef = 84CCDF2527A03D4600F388F2 /* ProductListViewExtension.swift */; };
/* End PBXBuildFile section */

/* Begin PBXFileReference section */
		847593C327A03F0100DBC4A8 /* product.gif */ = {isa = PBXFileReference; lastKnownFileType = image.gif; path = product.gif; sourceTree = "<group>"; };
		84CCDEF227A037D100F388F2 /* ViperExampleApp.app */ = {isa = PBXFileReference; explicitFileType = wrapper.application; includeInIndex = 0; path = ViperExampleApp.app; sourceTree = BUILT_PRODUCTS_DIR; };
		84CCDEF527A037D100F388F2 /* AppDelegate.swift */ = {isa = PBXFileReference; lastKnownFileType = sourcecode.swift; path = AppDelegate.swift; sourceTree = "<group>"; };
		84CCDEF927A037D100F388F2 /* ProductListViewController.swift */ = {isa = PBXFileReference; lastKnownFileType = sourcecode.swift; path = ProductListViewController.swift; sourceTree = "<group>"; };
		84CCDEFC27A037D100F388F2 /* Base */ = {isa = PBXFileReference; lastKnownFileType = file.storyboard; name = Base; path = Base.lproj/Main.storyboard; sourceTree = "<group>"; };
		84CCDEFE27A037D300F388F2 /* Assets.xcassets */ = {isa = PBXFileReference; lastKnownFileType = folder.assetcatalog; path = Assets.xcassets; sourceTree = "<group>"; };
		84CCDF0127A037D300F388F2 /* Base */ = {isa = PBXFileReference; lastKnownFileType = file.storyboard; name = Base; path = Base.lproj/LaunchScreen.storyboard; sourceTree = "<group>"; };
		84CCDF0327A037D300F388F2 /* Info.plist */ = {isa = PBXFileReference; lastKnownFileType = text.plist.xml; path = Info.plist; sourceTree = "<group>"; };
		84CCDF0A27A0384A00F388F2 /* ProductListPresenter.swift */ = {isa = PBXFileReference; lastKnownFileType = sourcecode.swift; path = ProductListPresenter.swift; sourceTree = "<group>"; };
		84CCDF0C27A0385E00F388F2 /* ProductListInteractor.swift */ = {isa = PBXFileReference; lastKnownFileType = sourcecode.swift; path = ProductListInteractor.swift; sourceTree = "<group>"; };
		84CCDF0E27A0386800F388F2 /* ProductListRouter.swift */ = {isa = PBXFileReference; lastKnownFileType = sourcecode.swift; path = ProductListRouter.swift; sourceTree = "<group>"; };
		84CCDF1027A0387100F388F2 /* ProductListEntity.swift */ = {isa = PBXFileReference; lastKnownFileType = sourcecode.swift; path = ProductListEntity.swift; sourceTree = "<group>"; };
		84CCDF1727A03A8300F388F2 /* ProductListTableViewCell.swift */ = {isa = PBXFileReference; lastKnownFileType = sourcecode.swift; path = ProductListTableViewCell.swift; sourceTree = "<group>"; };
		84CCDF1C27A03B4800F388F2 /* UIImageView+Extension.swift */ = {isa = PBXFileReference; lastKnownFileType = sourcecode.swift; path = "UIImageView+Extension.swift"; sourceTree = "<group>"; };
		84CCDF1F27A03BB400F388F2 /* ProductType.swift */ = {isa = PBXFileReference; lastKnownFileType = sourcecode.swift; path = ProductType.swift; sourceTree = "<group>"; };
		84CCDF2127A03CA800F388F2 /* Api.swift */ = {isa = PBXFileReference; lastKnownFileType = sourcecode.swift; path = Api.swift; sourceTree = "<group>"; };
		84CCDF2327A03CB200F388F2 /* ProductApi.swift */ = {isa = PBXFileReference; lastKnownFileType = sourcecode.swift; path = ProductApi.swift; sourceTree = "<group>"; };
		84CCDF2527A03D4600F388F2 /* ProductListViewExtension.swift */ = {isa = PBXFileReference; lastKnownFileType = sourcecode.swift; path = ProductListViewExtension.swift; sourceTree = "<group>"; };
/* End PBXFileReference section */

/* Begin PBXFrameworksBuildPhase section */
		84CCDEEF27A037D100F388F2 /* Frameworks */ = {
			isa = PBXFrameworksBuildPhase;
			buildActionMask = 2147483647;
			files = (
				84CCDF1B27A03B2E00F388F2 /* Kingfisher in Frameworks */,
			);
			runOnlyForDeploymentPostprocessing = 0;
		};
/* End PBXFrameworksBuildPhase section */

/* Begin PBXGroup section */
		84CCDEE927A037D100F388F2 = {
			isa = PBXGroup;
			children = (
				84CCDEF427A037D100F388F2 /* ViperExampleApp */,
				84CCDEF327A037D100F388F2 /* Products */,
			);
			sourceTree = "<group>";
		};
		84CCDEF327A037D100F388F2 /* Products */ = {
			isa = PBXGroup;
			children = (
				84CCDEF227A037D100F388F2 /* ViperExampleApp.app */,
			);
			name = Products;
			sourceTree = "<group>";
		};
		84CCDEF427A037D100F388F2 /* ViperExampleApp */ = {
			isa = PBXGroup;
			children = (
				84CCDF1227A0389A00F388F2 /* Core */,
				84CCDF1627A0399E00F388F2 /* ApiModule */,
				84CCDF0927A0381400F388F2 /* ProductListModule */,
				84CCDF1327A0398700F388F2 /* Views */,
				84CCDF1E27A03BA800F388F2 /* Models */,
				847593C327A03F0100DBC4A8 /* product.gif */,
				84CCDEFE27A037D300F388F2 /* Assets.xcassets */,
				84CCDF0027A037D300F388F2 /* LaunchScreen.storyboard */,
				84CCDF0327A037D300F388F2 /* Info.plist */,
			);
			path = ViperExampleApp;
			sourceTree = "<group>";
		};
		84CCDF0927A0381400F388F2 /* ProductListModule */ = {
			isa = PBXGroup;
			children = (
				84CCDEF927A037D100F388F2 /* ProductListViewController.swift */,
				84CCDF0A27A0384A00F388F2 /* ProductListPresenter.swift */,
				84CCDF0C27A0385E00F388F2 /* ProductListInteractor.swift */,
				84CCDF0E27A0386800F388F2 /* ProductListRouter.swift */,
				84CCDF1027A0387100F388F2 /* ProductListEntity.swift */,
				84CCDEFB27A037D100F388F2 /* Main.storyboard */,
			);
			path = ProductListModule;
			sourceTree = "<group>";
		};
		84CCDF1227A0389A00F388F2 /* Core */ = {
			isa = PBXGroup;
			children = (
				84CCDEF527A037D100F388F2 /* AppDelegate.swift */,
			);
			path = Core;
			sourceTree = "<group>";
		};
		84CCDF1327A0398700F388F2 /* Views */ = {
			isa = PBXGroup;
			children = (
				84CCDF1527A0399500F388F2 /* Extension */,
				84CCDF1427A0398C00F388F2 /* Cell */,
			);
			path = Views;
			sourceTree = "<group>";
		};
		84CCDF1427A0398C00F388F2 /* Cell */ = {
			isa = PBXGroup;
			children = (
				84CCDF1727A03A8300F388F2 /* ProductListTableViewCell.swift */,
			);
			path = Cell;
			sourceTree = "<group>";
		};
		84CCDF1527A0399500F388F2 /* Extension */ = {
			isa = PBXGroup;
			children = (
				84CCDF1C27A03B4800F388F2 /* UIImageView+Extension.swift */,
				84CCDF2527A03D4600F388F2 /* ProductListViewExtension.swift */,
			);
			path = Extension;
			sourceTree = "<group>";
		};
		84CCDF1627A0399E00F388F2 /* ApiModule */ = {
			isa = PBXGroup;
			children = (
				84CCDF2127A03CA800F388F2 /* Api.swift */,
				84CCDF2327A03CB200F388F2 /* ProductApi.swift */,
			);
			path = ApiModule;
			sourceTree = "<group>";
		};
		84CCDF1E27A03BA800F388F2 /* Models */ = {
			isa = PBXGroup;
			children = (
				84CCDF1F27A03BB400F388F2 /* ProductType.swift */,
			);
			path = Models;
			sourceTree = "<group>";
		};
/* End PBXGroup section */

/* Begin PBXNativeTarget section */
		84CCDEF127A037D100F388F2 /* ViperExampleApp */ = {
			isa = PBXNativeTarget;
			buildConfigurationList = 84CCDF0627A037D300F388F2 /* Build configuration list for PBXNativeTarget "ViperExampleApp" */;
			buildPhases = (
				84CCDEEE27A037D100F388F2 /* Sources */,
				84CCDEEF27A037D100F388F2 /* Frameworks */,
				84CCDEF027A037D100F388F2 /* Resources */,
			);
			buildRules = (
			);
			dependencies = (
			);
			name = ViperExampleApp;
			packageProductDependencies = (
				84CCDF1A27A03B2E00F388F2 /* Kingfisher */,
			);
			productName = ViperExampleApp;
			productReference = 84CCDEF227A037D100F388F2 /* ViperExampleApp.app */;
			productType = "com.apple.product-type.application";
		};
/* End PBXNativeTarget section */

/* Begin PBXProject section */
		84CCDEEA27A037D100F388F2 /* Project object */ = {
			isa = PBXProject;
			attributes = {
				BuildIndependentTargetsInParallel = 1;
				LastSwiftUpdateCheck = 1320;
				LastUpgradeCheck = 1320;
				TargetAttributes = {
					84CCDEF127A037D100F388F2 = {
						CreatedOnToolsVersion = 13.2.1;
					};
				};
			};
			buildConfigurationList = 84CCDEED27A037D100F388F2 /* Build configuration list for PBXProject "ViperExampleApp" */;
			compatibilityVersion = "Xcode 13.0";
			developmentRegion = en;
			hasScannedForEncodings = 0;
			knownRegions = (
				en,
				Base,
			);
			mainGroup = 84CCDEE927A037D100F388F2;
			packageReferences = (
				84CCDF1927A03B2E00F388F2 /* XCRemoteSwiftPackageReference "Kingfisher" */,
			);
			productRefGroup = 84CCDEF327A037D100F388F2 /* Products */;
			projectDirPath = "";
			projectRoot = "";
			targets = (
				84CCDEF127A037D100F388F2 /* ViperExampleApp */,
			);
		};
/* End PBXProject section */

/* Begin PBXResourcesBuildPhase section */
		84CCDEF027A037D100F388F2 /* Resources */ = {
			isa = PBXResourcesBuildPhase;
			buildActionMask = 2147483647;
			files = (
				847593C427A03F0100DBC4A8 /* product.gif in Resources */,
				84CCDF0227A037D300F388F2 /* LaunchScreen.storyboard in Resources */,
				84CCDEFF27A037D300F388F2 /* Assets.xcassets in Resources */,
				84CCDEFD27A037D100F388F2 /* Main.storyboard in Resources */,
			);
			runOnlyForDeploymentPostprocessing = 0;
		};
/* End PBXResourcesBuildPhase section */

/* Begin PBXSourcesBuildPhase section */
		84CCDEEE27A037D100F388F2 /* Sources */ = {
			isa = PBXSourcesBuildPhase;
			buildActionMask = 2147483647;
			files = (
				84CCDF1127A0387100F388F2 /* ProductListEntity.swift in Sources */,
				84CCDF1827A03A8300F388F2 /* ProductListTableViewCell.swift in Sources */,
				84CCDF2027A03BB400F388F2 /* ProductType.swift in Sources */,
				84CCDF1D27A03B4800F388F2 /* UIImageView+Extension.swift in Sources */,
				84CCDEFA27A037D100F388F2 /* ProductListViewController.swift in Sources */,
				84CCDEF627A037D100F388F2 /* AppDelegate.swift in Sources */,
				84CCDF0B27A0384A00F388F2 /* ProductListPresenter.swift in Sources */,
				84CCDF0D27A0385E00F388F2 /* ProductListInteractor.swift in Sources */,
				84CCDF2227A03CA800F388F2 /* Api.swift in Sources */,
				84CCDF2427A03CB200F388F2 /* ProductApi.swift in Sources */,
				84CCDF2627A03D4600F388F2 /* ProductListViewExtension.swift in Sources */,
				84CCDF0F27A0386800F388F2 /* ProductListRouter.swift in Sources */,
			);
			runOnlyForDeploymentPostprocessing = 0;
		};
/* End PBXSourcesBuildPhase section */

/* Begin PBXVariantGroup section */
		84CCDEFB27A037D100F388F2 /* Main.storyboard */ = {
			isa = PBXVariantGroup;
			children = (
				84CCDEFC27A037D100F388F2 /* Base */,
			);
			name = Main.storyboard;
			sourceTree = "<group>";
		};
		84CCDF0027A037D300F388F2 /* LaunchScreen.storyboard */ = {
			isa = PBXVariantGroup;
			children = (
				84CCDF0127A037D300F388F2 /* Base */,
			);
			name = LaunchScreen.storyboard;
			sourceTree = "<group>";
		};
/* End PBXVariantGroup section */

/* Begin XCBuildConfiguration section */
		84CCDF0427A037D300F388F2 /* Debug */ = {
			isa = XCBuildConfiguration;
			buildSettings = {
				ALWAYS_SEARCH_USER_PATHS = NO;
				CLANG_ANALYZER_NONNULL = YES;
				CLANG_ANALYZER_NUMBER_OBJECT_CONVERSION = YES_AGGRESSIVE;
				CLANG_CXX_LANGUAGE_STANDARD = "gnu++17";
				CLANG_CXX_LIBRARY = "libc++";
				CLANG_ENABLE_MODULES = YES;
				CLANG_ENABLE_OBJC_ARC = YES;
				CLANG_ENABLE_OBJC_WEAK = YES;
				CLANG_WARN_BLOCK_CAPTURE_AUTORELEASING = YES;
				CLANG_WARN_BOOL_CONVERSION = YES;
				CLANG_WARN_COMMA = YES;
				CLANG_WARN_CONSTANT_CONVERSION = YES;
				CLANG_WARN_DEPRECATED_OBJC_IMPLEMENTATIONS = YES;
				CLANG_WARN_DIRECT_OBJC_ISA_USAGE = YES_ERROR;
				CLANG_WARN_DOCUMENTATION_COMMENTS = YES;
				CLANG_WARN_EMPTY_BODY = YES;
				CLANG_WARN_ENUM_CONVERSION = YES;
				CLANG_WARN_INFINITE_RECURSION = YES;
				CLANG_WARN_INT_CONVERSION = YES;
				CLANG_WARN_NON_LITERAL_NULL_CONVERSION = YES;
				CLANG_WARN_OBJC_IMPLICIT_RETAIN_SELF = YES;
				CLANG_WARN_OBJC_LITERAL_CONVERSION = YES;
				CLANG_WARN_OBJC_ROOT_CLASS = YES_ERROR;
				CLANG_WARN_QUOTED_INCLUDE_IN_FRAMEWORK_HEADER = YES;
				CLANG_WARN_RANGE_LOOP_ANALYSIS = YES;
				CLANG_WARN_STRICT_PROTOTYPES = YES;
				CLANG_WARN_SUSPICIOUS_MOVE = YES;
				CLANG_WARN_UNGUARDED_AVAILABILITY = YES_AGGRESSIVE;
				CLANG_WARN_UNREACHABLE_CODE = YES;
				CLANG_WARN__DUPLICATE_METHOD_MATCH = YES;
				COPY_PHASE_STRIP = NO;
				DEBUG_INFORMATION_FORMAT = dwarf;
				ENABLE_STRICT_OBJC_MSGSEND = YES;
				ENABLE_TESTABILITY = YES;
				GCC_C_LANGUAGE_STANDARD = gnu11;
				GCC_DYNAMIC_NO_PIC = NO;
				GCC_NO_COMMON_BLOCKS = YES;
				GCC_OPTIMIZATION_LEVEL = 0;
				GCC_PREPROCESSOR_DEFINITIONS = (
					"DEBUG=1",
					"$(inherited)",
				);
				GCC_WARN_64_TO_32_BIT_CONVERSION = YES;
				GCC_WARN_ABOUT_RETURN_TYPE = YES_ERROR;
				GCC_WARN_UNDECLARED_SELECTOR = YES;
				GCC_WARN_UNINITIALIZED_AUTOS = YES_AGGRESSIVE;
				GCC_WARN_UNUSED_FUNCTION = YES;
				GCC_WARN_UNUSED_VARIABLE = YES;
				IPHONEOS_DEPLOYMENT_TARGET = 15.2;
				MTL_ENABLE_DEBUG_INFO = INCLUDE_SOURCE;
				MTL_FAST_MATH = YES;
				ONLY_ACTIVE_ARCH = YES;
				SDKROOT = iphoneos;
				SWIFT_ACTIVE_COMPILATION_CONDITIONS = DEBUG;
				SWIFT_OPTIMIZATION_LEVEL = "-Onone";
			};
			name = Debug;
		};
		84CCDF0527A037D300F388F2 /* Release */ = {
			isa = XCBuildConfiguration;
			buildSettings = {
				ALWAYS_SEARCH_USER_PATHS = NO;
				CLANG_ANALYZER_NONNULL = YES;
				CLANG_ANALYZER_NUMBER_OBJECT_CONVERSION = YES_AGGRESSIVE;
				CLANG_CXX_LANGUAGE_STANDARD = "gnu++17";
				CLANG_CXX_LIBRARY = "libc++";
				CLANG_ENABLE_MODULES = YES;
				CLANG_ENABLE_OBJC_ARC = YES;
				CLANG_ENABLE_OBJC_WEAK = YES;
				CLANG_WARN_BLOCK_CAPTURE_AUTORELEASING = YES;
				CLANG_WARN_BOOL_CONVERSION = YES;
				CLANG_WARN_COMMA = YES;
				CLANG_WARN_CONSTANT_CONVERSION = YES;
				CLANG_WARN_DEPRECATED_OBJC_IMPLEMENTATIONS = YES;
				CLANG_WARN_DIRECT_OBJC_ISA_USAGE = YES_ERROR;
				CLANG_WARN_DOCUMENTATION_COMMENTS = YES;
				CLANG_WARN_EMPTY_BODY = YES;
				CLANG_WARN_ENUM_CONVERSION = YES;
				CLANG_WARN_INFINITE_RECURSION = YES;
				CLANG_WARN_INT_CONVERSION = YES;
				CLANG_WARN_NON_LITERAL_NULL_CONVERSION = YES;
				CLANG_WARN_OBJC_IMPLICIT_RETAIN_SELF = YES;
				CLANG_WARN_OBJC_LITERAL_CONVERSION = YES;
				CLANG_WARN_OBJC_ROOT_CLASS = YES_ERROR;
				CLANG_WARN_QUOTED_INCLUDE_IN_FRAMEWORK_HEADER = YES;
				CLANG_WARN_RANGE_LOOP_ANALYSIS = YES;
				CLANG_WARN_STRICT_PROTOTYPES = YES;
				CLANG_WARN_SUSPICIOUS_MOVE = YES;
				CLANG_WARN_UNGUARDED_AVAILABILITY = YES_AGGRESSIVE;
				CLANG_WARN_UNREACHABLE_CODE = YES;
				CLANG_WARN__DUPLICATE_METHOD_MATCH = YES;
				COPY_PHASE_STRIP = NO;
				DEBUG_INFORMATION_FORMAT = "dwarf-with-dsym";
				ENABLE_NS_ASSERTIONS = NO;
				ENABLE_STRICT_OBJC_MSGSEND = YES;
				GCC_C_LANGUAGE_STANDARD = gnu11;
				GCC_NO_COMMON_BLOCKS = YES;
				GCC_WARN_64_TO_32_BIT_CONVERSION = YES;
				GCC_WARN_ABOUT_RETURN_TYPE = YES_ERROR;
				GCC_WARN_UNDECLARED_SELECTOR = YES;
				GCC_WARN_UNINITIALIZED_AUTOS = YES_AGGRESSIVE;
				GCC_WARN_UNUSED_FUNCTION = YES;
				GCC_WARN_UNUSED_VARIABLE = YES;
				IPHONEOS_DEPLOYMENT_TARGET = 15.2;
				MTL_ENABLE_DEBUG_INFO = NO;
				MTL_FAST_MATH = YES;
				SDKROOT = iphoneos;
				SWIFT_COMPILATION_MODE = wholemodule;
				SWIFT_OPTIMIZATION_LEVEL = "-O";
				VALIDATE_PRODUCT = YES;
			};
			name = Release;
		};
		84CCDF0727A037D300F388F2 /* Debug */ = {
			isa = XCBuildConfiguration;
			buildSettings = {
				ASSETCATALOG_COMPILER_APPICON_NAME = AppIcon;
				ASSETCATALOG_COMPILER_GLOBAL_ACCENT_COLOR_NAME = AccentColor;
				CODE_SIGN_STYLE = Automatic;
				CURRENT_PROJECT_VERSION = 1;
				DEVELOPMENT_TEAM = 35HS52KDG8;
				GENERATE_INFOPLIST_FILE = YES;
				INFOPLIST_FILE = ViperExampleApp/Info.plist;
				INFOPLIST_KEY_UIApplicationSupportsIndirectInputEvents = YES;
				INFOPLIST_KEY_UILaunchStoryboardName = LaunchScreen;
				INFOPLIST_KEY_UIMainStoryboardFile = Main;
				INFOPLIST_KEY_UISupportedInterfaceOrientations_iPad = "UIInterfaceOrientationPortrait UIInterfaceOrientationPortraitUpsideDown UIInterfaceOrientationLandscapeLeft UIInterfaceOrientationLandscapeRight";
				INFOPLIST_KEY_UISupportedInterfaceOrientations_iPhone = "UIInterfaceOrientationPortrait UIInterfaceOrientationLandscapeLeft UIInterfaceOrientationLandscapeRight";
				LD_RUNPATH_SEARCH_PATHS = (
					"$(inherited)",
					"@executable_path/Frameworks",
				);
				MARKETING_VERSION = 1.0;
				PRODUCT_BUNDLE_IDENTIFIER = bahrihrf34.ViperExampleApp;
				PRODUCT_NAME = "$(TARGET_NAME)";
				SWIFT_EMIT_LOC_STRINGS = YES;
				SWIFT_VERSION = 5.0;
				TARGETED_DEVICE_FAMILY = "1,2";
			};
			name = Debug;
		};
		84CCDF0827A037D300F388F2 /* Release */ = {
			isa = XCBuildConfiguration;
			buildSettings = {
				ASSETCATALOG_COMPILER_APPICON_NAME = AppIcon;
				ASSETCATALOG_COMPILER_GLOBAL_ACCENT_COLOR_NAME = AccentColor;
				CODE_SIGN_STYLE = Automatic;
				CURRENT_PROJECT_VERSION = 1;
				DEVELOPMENT_TEAM = 35HS52KDG8;
				GENERATE_INFOPLIST_FILE = YES;
				INFOPLIST_FILE = ViperExampleApp/Info.plist;
				INFOPLIST_KEY_UIApplicationSupportsIndirectInputEvents = YES;
				INFOPLIST_KEY_UILaunchStoryboardName = LaunchScreen;
				INFOPLIST_KEY_UIMainStoryboardFile = Main;
				INFOPLIST_KEY_UISupportedInterfaceOrientations_iPad = "UIInterfaceOrientationPortrait UIInterfaceOrientationPortraitUpsideDown UIInterfaceOrientationLandscapeLeft UIInterfaceOrientationLandscapeRight";
				INFOPLIST_KEY_UISupportedInterfaceOrientations_iPhone = "UIInterfaceOrientationPortrait UIInterfaceOrientationLandscapeLeft UIInterfaceOrientationLandscapeRight";
				LD_RUNPATH_SEARCH_PATHS = (
					"$(inherited)",
					"@executable_path/Frameworks",
				);
				MARKETING_VERSION = 1.0;
				PRODUCT_BUNDLE_IDENTIFIER = bahrihrf34.ViperExampleApp;
				PRODUCT_NAME = "$(TARGET_NAME)";
				SWIFT_EMIT_LOC_STRINGS = YES;
				SWIFT_VERSION = 5.0;
				TARGETED_DEVICE_FAMILY = "1,2";
			};
			name = Release;
		};
/* End XCBuildConfiguration section */

/* Begin XCConfigurationList section */
		84CCDEED27A037D100F388F2 /* Build configuration list for PBXProject "ViperExampleApp" */ = {
			isa = XCConfigurationList;
			buildConfigurations = (
				84CCDF0427A037D300F388F2 /* Debug */,
				84CCDF0527A037D300F388F2 /* Release */,
			);
			defaultConfigurationIsVisible = 0;
			defaultConfigurationName = Release;
		};
		84CCDF0627A037D300F388F2 /* Build configuration list for PBXNativeTarget "ViperExampleApp" */ = {
			isa = XCConfigurationList;
			buildConfigurations = (
				84CCDF0727A037D300F388F2 /* Debug */,
				84CCDF0827A037D300F388F2 /* Release */,
			);
			defaultConfigurationIsVisible = 0;
			defaultConfigurationName = Release;
		};
/* End XCConfigurationList section */

/* Begin XCRemoteSwiftPackageReference section */
		84CCDF1927A03B2E00F388F2 /* XCRemoteSwiftPackageReference "Kingfisher" */ = {
			isa = XCRemoteSwiftPackageReference;
			repositoryURL = "https://github.com/onevcat/Kingfisher.git";
			requirement = {
				branch = master;
				kind = branch;
			};
		};
/* End XCRemoteSwiftPackageReference section */

/* Begin XCSwiftPackageProductDependency section */
		84CCDF1A27A03B2E00F388F2 /* Kingfisher */ = {
			isa = XCSwiftPackageProductDependency;
			package = 84CCDF1927A03B2E00F388F2 /* XCRemoteSwiftPackageReference "Kingfisher" */;
			productName = Kingfisher;
		};
/* End XCSwiftPackageProductDependency section */
	};
	rootObject = 84CCDEEA27A037D100F388F2 /* Project object */;
}
